
Microsoft Visual Studio Solution File, Format Version 12.00
# Visual Studio Version 17
VisualStudioVersion = 17.4.33205.214
MinimumVisualStudioVersion = 10.0.40219.1
Project("{FAE04EC0-301F-11D3-BF4B-00C04F79EFBC}") = "ICPasswordGenerator-Client", "ICPasswordGenerator-Client.csproj", "{9118EE37-B50C-45EF-AE97-1F45DD9700F8}"
EndProject
Project("{FAE04EC0-301F-11D3-BF4B-00C04F79EFBC}") = "ICPasswordGenerator", "..\ICPasswordGenerator\ICPasswordGenerator.csproj", "{E3A6F926-CE63-4B2E-BB44-6993BA7ECE0E}"
EndProject
Global
	GlobalSection(SolutionConfigurationPlatforms) = preSolution
		Debug|Any CPU = Debug|Any CPU
		Release|Any CPU = Release|Any CPU
	EndGlobalSection
	GlobalSection(ProjectConfigurationPlatforms) = postSolution
		{9118EE37-B50C-45EF-AE97-1F45DD9700F8}.Debug|Any CPU.ActiveCfg = Debug|Any CPU
		{9118EE37-B50C-45EF-AE97-1F45DD9700F8}.Debug|Any CPU.Build.0 = Debug|Any CPU
		{9118EE37-B50C-45EF-AE97-1F45DD9700F8}.Release|Any CPU.ActiveCfg = Release|Any CPU
		{9118EE37-B50C-45EF-AE97-1F45DD9700F8}.Release|Any CPU.Build.0 = Release|Any CPU
		{E3A6F926-CE63-4B2E-BB44-6993BA7ECE0E}.Debug|Any CPU.ActiveCfg = Release|Any CPU
		{E3A6F926-CE63-4B2E-BB44-6993BA7ECE0E}.Debug|Any CPU.Build.0 = Release|Any CPU
		{E3A6F926-CE63-4B2E-BB44-6993BA7ECE0E}.Release|Any CPU.ActiveCfg = Release|Any CPU
		{E3A6F926-CE63-4B2E-BB44-6993BA7ECE0E}.Release|Any CPU.Build.0 = Release|Any CPU
	EndGlobalSection
	GlobalSection(SolutionProperties) = preSolution
		HideSolutionNode = FALSE
	EndGlobalSection
	GlobalSection(ExtensibilityGlobals) = postSolution
		SolutionGuid = {BC5219B5-72DA-4A0B-A295-6A7F1691E187}
	EndGlobalSection
EndGlobal
